
Microsoft Visual Studio Solution File, Format Version 12.00
# Visual Studio Version 17
VisualStudioVersion = 17.14.36616.10 d17.14
MinimumVisualStudioVersion = 10.0.40219.1
Project("{FAE04EC0-301F-11D3-BF4B-00C04F79EFBC}") = "26-DynamicPropertiesViewModel", "26-DynamicPropertiesViewModel.csproj", "{579B9F5C-FC26-447A-AC8D-9DC6EF40FDA5}"
EndProject
Global
	GlobalSection(SolutionConfigurationPlatforms) = preSolution
		Debug|Any CPU = Debug|Any CPU
		Release|Any CPU = Release|Any CPU
	EndGlobalSection
	GlobalSection(ProjectConfigurationPlatforms) = postSolution
		{579B9F5C-FC26-447A-AC8D-9DC6EF40FDA5}.Debug|Any CPU.ActiveCfg = Debug|Any CPU
		{579B9F5C-FC26-447A-AC8D-9DC6EF40FDA5}.Debug|Any CPU.Build.0 = Debug|Any CPU
		{579B9F5C-FC26-447A-AC8D-9DC6EF40FDA5}.Release|Any CPU.ActiveCfg = Release|Any CPU
		{579B9F5C-FC26-447A-AC8D-9DC6EF40FDA5}.Release|Any CPU.Build.0 = Release|Any CPU
	EndGlobalSection
	GlobalSection(SolutionProperties) = preSolution
		HideSolutionNode = FALSE
	EndGlobalSection
	GlobalSection(ExtensibilityGlobals) = postSolution
		SolutionGuid = {5F53F9A9-A5D6-472D-ADD4-3042A5E6E96E}
	EndGlobalSection
EndGlobal
