
Microsoft Visual Studio Solution File, Format Version 12.00
# Visual Studio Version 17
VisualStudioVersion = 17.14.36616.10 d17.14
MinimumVisualStudioVersion = 10.0.40219.1
Project("{FAE04EC0-301F-11D3-BF4B-00C04F79EFBC}") = "05-AbstractClassPolymorphismForEach", "05-AbstractClassPolymorphismForEach.csproj", "{96F71F6B-BA64-434A-8CBE-D5395D6FEC24}"
EndProject
Global
	GlobalSection(SolutionConfigurationPlatforms) = preSolution
		Debug|Any CPU = Debug|Any CPU
		Release|Any CPU = Release|Any CPU
	EndGlobalSection
	GlobalSection(ProjectConfigurationPlatforms) = postSolution
		{96F71F6B-BA64-434A-8CBE-D5395D6FEC24}.Debug|Any CPU.ActiveCfg = Debug|Any CPU
		{96F71F6B-BA64-434A-8CBE-D5395D6FEC24}.Debug|Any CPU.Build.0 = Debug|Any CPU
		{96F71F6B-BA64-434A-8CBE-D5395D6FEC24}.Release|Any CPU.ActiveCfg = Release|Any CPU
		{96F71F6B-BA64-434A-8CBE-D5395D6FEC24}.Release|Any CPU.Build.0 = Release|Any CPU
	EndGlobalSection
	GlobalSection(SolutionProperties) = preSolution
		HideSolutionNode = FALSE
	EndGlobalSection
	GlobalSection(ExtensibilityGlobals) = postSolution
		SolutionGuid = {EB8485C4-BA6D-457B-9AF9-426D74B7B32E}
	EndGlobalSection
EndGlobal
