
Microsoft Visual Studio Solution File, Format Version 12.00
# Visual Studio Version 17
VisualStudioVersion = 17.14.36616.10 d17.14
MinimumVisualStudioVersion = 10.0.40219.1
Project("{FAE04EC0-301F-11D3-BF4B-00C04F79EFBC}") = "25-MVC Intro", "25-MVC Intro.csproj", "{7DFA28A6-323C-4EE2-99BC-D9861CC469FB}"
EndProject
Global
	GlobalSection(SolutionConfigurationPlatforms) = preSolution
		Debug|Any CPU = Debug|Any CPU
		Release|Any CPU = Release|Any CPU
	EndGlobalSection
	GlobalSection(ProjectConfigurationPlatforms) = postSolution
		{7DFA28A6-323C-4EE2-99BC-D9861CC469FB}.Debug|Any CPU.ActiveCfg = Debug|Any CPU
		{7DFA28A6-323C-4EE2-99BC-D9861CC469FB}.Debug|Any CPU.Build.0 = Debug|Any CPU
		{7DFA28A6-323C-4EE2-99BC-D9861CC469FB}.Release|Any CPU.ActiveCfg = Release|Any CPU
		{7DFA28A6-323C-4EE2-99BC-D9861CC469FB}.Release|Any CPU.Build.0 = Release|Any CPU
	EndGlobalSection
	GlobalSection(SolutionProperties) = preSolution
		HideSolutionNode = FALSE
	EndGlobalSection
	GlobalSection(ExtensibilityGlobals) = postSolution
		SolutionGuid = {E4A901C7-5D12-49C1-B1F6-2D9371033C7E}
	EndGlobalSection
EndGlobal
